{"is_source_file": false, "format": "", "description": "", "external_files": [], "external_methods": [], "published": [], "classes": [], "methods": [], "calls": [], "search-terms": [], "state": 2, "file_id": 2, "knowledge_revision": 33, "git_revision": "db8cd63fd1d8535bfdf0f1a92b860a9a2ebe728e", "hash": "e9b4c3b42cef0193b7fddb548d37e652", "format-version": 4, "code-base-name": "default", "filename": "moodtrackr/post_process_status.lock", "revision_history": [{"33": "db8cd63fd1d8535bfdf0f1a92b860a9a2ebe728e"}]}